// !$*UTF8*$!
{
	archiveVersion = 1;
	classes = {
	};
	objectVersion = 46;
	objects = {

/* Begin PBXBuildFile section */
		B18051F51D3CED510013D3AB /* main.m in Sources */ = {isa = PBXBuildFile; fileRef = B18051F41D3CED510013D3AB /* main.m */; };
		B18051F81D3CED510013D3AB /* AppDelegate.m in Sources */ = {isa = PBXBuildFile; fileRef = B18051F71D3CED510013D3AB /* AppDelegate.m */; };
		B18051FB1D3CED510013D3AB /* ViewController.m in Sources */ = {isa = PBXBuildFile; fileRef = B18051FA1D3CED510013D3AB /* ViewController.m */; };
		B18051FE1D3CED510013D3AB /* Main.storyboard in Resources */ = {isa = PBXBuildFile; fileRef = B18051FC1D3CED510013D3AB /* Main.storyboard */; };
		B18052011D3CED510013D3AB /* Goyal_and_Haryana_App.xcdatamodeld in Sources */ = {isa = PBXBuildFile; fileRef = B18051FF1D3CED510013D3AB /* Goyal_and_Haryana_App.xcdatamodeld */; };
		B18052031D3CED510013D3AB /* Assets.xcassets in Resources */ = {isa = PBXBuildFile; fileRef = B18052021D3CED510013D3AB /* Assets.xcassets */; };
		B18052061D3CED510013D3AB /* LaunchScreen.storyboard in Resources */ = {isa = PBXBuildFile; fileRef = B18052041D3CED510013D3AB /* LaunchScreen.storyboard */; };
/* End PBXBuildFile section */

/* Begin PBXFileReference section */
		B18051F01D3CED510013D3AB /* Goyal and Haryana App.app */ = {isa = PBXFileReference; explicitFileType = wrapper.application; includeInIndex = 0; path = "Goyal and Haryana App.app"; sourceTree = BUILT_PRODUCTS_DIR; };
		B18051F41D3CED510013D3AB /* main.m */ = {isa = PBXFileReference; lastKnownFileType = sourcecode.c.objc; path = main.m; sourceTree = "<group>"; };
		B18051F61D3CED510013D3AB /* AppDelegate.h */ = {isa = PBXFileReference; lastKnownFileType = sourcecode.c.h; path = AppDelegate.h; sourceTree = "<group>"; };
		B18051F71D3CED510013D3AB /* AppDelegate.m */ = {isa = PBXFileReference; lastKnownFileType = sourcecode.c.objc; path = AppDelegate.m; sourceTree = "<group>"; };
		B18051F91D3CED510013D3AB /* ViewController.h */ = {isa = PBXFileReference; lastKnownFileType = sourcecode.c.h; path = ViewController.h; sourceTree = "<group>"; };
		B18051FA1D3CED510013D3AB /* ViewController.m */ = {isa = PBXFileReference; lastKnownFileType = sourcecode.c.objc; path = ViewController.m; sourceTree = "<group>"; };
		B18051FD1D3CED510013D3AB /* Base */ = {isa = PBXFileReference; lastKnownFileType = file.storyboard; name = Base; path = Base.lproj/Main.storyboard; sourceTree = "<group>"; };
		B18052001D3CED510013D3AB /* Goyal_and_Haryana_App.xcdatamodel */ = {isa = PBXFileReference; lastKnownFileType = wrapper.xcdatamodel; path = Goyal_and_Haryana_App.xcdatamodel; sourceTree = "<group>"; };
		B18052021D3CED510013D3AB /* Assets.xcassets */ = {isa = PBXFileReference; lastKnownFileType = folder.assetcatalog; path = Assets.xcassets; sourceTree = "<group>"; };
		B18052051D3CED510013D3AB /* Base */ = {isa = PBXFileReference; lastKnownFileType = file.storyboard; name = Base; path = Base.lproj/LaunchScreen.storyboard; sourceTree = "<group>"; };
		B18052071D3CED510013D3AB /* Info.plist */ = {isa = PBXFileReference; lastKnownFileType = text.plist.xml; path = Info.plist; sourceTree = "<group>"; };
/* End PBXFileReference section */

/* Begin PBXFrameworksBuildPhase section */
		B18051ED1D3CED510013D3AB /* Frameworks */ = {
			isa = PBXFrameworksBuildPhase;
			buildActionMask = 2147483647;
			files = (
			);
			runOnlyForDeploymentPostprocessing = 0;
		};
/* End PBXFrameworksBuildPhase section */

/* Begin PBXGroup section */
		B18051E71D3CED510013D3AB = {
			isa = PBXGroup;
			children = (
				B18051F21D3CED510013D3AB /* Goyal and Haryana App */,
				B18051F11D3CED510013D3AB /* Products */,
			);
			sourceTree = "<group>";
		};
		B18051F11D3CED510013D3AB /* Products */ = {
			isa = PBXGroup;
			children = (
				B18051F01D3CED510013D3AB /* Goyal and Haryana App.app */,
			);
			name = Products;
			sourceTree = "<group>";
		};
		B18051F21D3CED510013D3AB /* Goyal and Haryana App */ = {
			isa = PBXGroup;
			children = (
				B18051F61D3CED510013D3AB /* AppDelegate.h */,
				B18051F71D3CED510013D3AB /* AppDelegate.m */,
				B18051F91D3CED510013D3AB /* ViewController.h */,
				B18051FA1D3CED510013D3AB /* ViewController.m */,
				B18051FC1D3CED510013D3AB /* Main.storyboard */,
				B18052021D3CED510013D3AB /* Assets.xcassets */,
				B18052041D3CED510013D3AB /* LaunchScreen.storyboard */,
				B18052071D3CED510013D3AB /* Info.plist */,
				B18051FF1D3CED510013D3AB /* Goyal_and_Haryana_App.xcdatamodeld */,
				B18051F31D3CED510013D3AB /* Supporting Files */,
			);
			path = "Goyal and Haryana App";
			sourceTree = "<group>";
		};
		B18051F31D3CED510013D3AB /* Supporting Files */ = {
			isa = PBXGroup;
			children = (
				B18051F41D3CED510013D3AB /* main.m */,
			);
			name = "Supporting Files";
			sourceTree = "<group>";
		};
/* End PBXGroup section */

/* Begin PBXNativeTarget section */
		B18051EF1D3CED510013D3AB /* Goyal and Haryana App */ = {
			isa = PBXNativeTarget;
			buildConfigurationList = B180520A1D3CED510013D3AB /* Build configuration list for PBXNativeTarget "Goyal and Haryana App" */;
			buildPhases = (
				B18051EC1D3CED510013D3AB /* Sources */,
				B18051ED1D3CED510013D3AB /* Frameworks */,
				B18051EE1D3CED510013D3AB /* Resources */,
			);
			buildRules = (
			);
			dependencies = (
			);
			name = "Goyal and Haryana App";
			productName = "Goyal and Haryana App";
			productReference = B18051F01D3CED510013D3AB /* Goyal and Haryana App.app */;
			productType = "com.apple.product-type.application";
		};
/* End PBXNativeTarget section */

/* Begin PBXProject section */
		B18051E81D3CED510013D3AB /* Project object */ = {
			isa = PBXProject;
			attributes = {
				LastUpgradeCheck = 0730;
				ORGANIZATIONNAME = "Goyal & Co. and Haryana Group";
				TargetAttributes = {
					B18051EF1D3CED510013D3AB = {
						CreatedOnToolsVersion = 7.3.1;
					};
				};
			};
			buildConfigurationList = B18051EB1D3CED510013D3AB /* Build configuration list for PBXProject "Goyal and Haryana App" */;
			compatibilityVersion = "Xcode 3.2";
			developmentRegion = English;
			hasScannedForEncodings = 0;
			knownRegions = (
				en,
				Base,
			);
			mainGroup = B18051E71D3CED510013D3AB;
			productRefGroup = B18051F11D3CED510013D3AB /* Products */;
			projectDirPath = "";
			projectRoot = "";
			targets = (
				B18051EF1D3CED510013D3AB /* Goyal and Haryana App */,
			);
		};
/* End PBXProject section */

/* Begin PBXResourcesBuildPhase section */
		B18051EE1D3CED510013D3AB /* Resources */ = {
			isa = PBXResourcesBuildPhase;
			buildActionMask = 2147483647;
			files = (
				B18052061D3CED510013D3AB /* LaunchScreen.storyboard in Resources */,
				B18052031D3CED510013D3AB /* Assets.xcassets in Resources */,
				B18051FE1D3CED510013D3AB /* Main.storyboard in Resources */,
			);
			runOnlyForDeploymentPostprocessing = 0;
		};
/* End PBXResourcesBuildPhase section */

/* Begin PBXSourcesBuildPhase section */
		B18051EC1D3CED510013D3AB /* Sources */ = {
			isa = PBXSourcesBuildPhase;
			buildActionMask = 2147483647;
			files = (
				B18051FB1D3CED510013D3AB /* ViewController.m in Sources */,
				B18051F81D3CED510013D3AB /* AppDelegate.m in Sources */,
				B18051F51D3CED510013D3AB /* main.m in Sources */,
				B18052011D3CED510013D3AB /* Goyal_and_Haryana_App.xcdatamodeld in Sources */,
			);
			runOnlyForDeploymentPostprocessing = 0;
		};
/* End PBXSourcesBuildPhase section */

/* Begin PBXVariantGroup section */
		B18051FC1D3CED510013D3AB /* Main.storyboard */ = {
			isa = PBXVariantGroup;
			children = (
				B18051FD1D3CED510013D3AB /* Base */,
			);
			name = Main.storyboard;
			sourceTree = "<group>";
		};
		B18052041D3CED510013D3AB /* LaunchScreen.storyboard */ = {
			isa = PBXVariantGroup;
			children = (
				B18052051D3CED510013D3AB /* Base */,
			);
			name = LaunchScreen.storyboard;
			sourceTree = "<group>";
		};
/* End PBXVariantGroup section */

/* Begin XCBuildConfiguration section */
		B18052081D3CED510013D3AB /* Debug */ = {
			isa = XCBuildConfiguration;
			buildSettings = {
				ALWAYS_SEARCH_USER_PATHS = NO;
				CLANG_ANALYZER_NONNULL = YES;
				CLANG_CXX_LANGUAGE_STANDARD = "gnu++0x";
				CLANG_CXX_LIBRARY = "libc++";
				CLANG_ENABLE_MODULES = YES;
				CLANG_ENABLE_OBJC_ARC = YES;
				CLANG_WARN_BOOL_CONVERSION = YES;
				CLANG_WARN_CONSTANT_CONVERSION = YES;
				CLANG_WARN_DIRECT_OBJC_ISA_USAGE = YES_ERROR;
				CLANG_WARN_EMPTY_BODY = YES;
				CLANG_WARN_ENUM_CONVERSION = YES;
				CLANG_WARN_INT_CONVERSION = YES;
				CLANG_WARN_OBJC_ROOT_CLASS = YES_ERROR;
				CLANG_WARN_UNREACHABLE_CODE = YES;
				CLANG_WARN__DUPLICATE_METHOD_MATCH = YES;
				"CODE_SIGN_IDENTITY[sdk=iphoneos*]" = "iPhone Developer";
				COPY_PHASE_STRIP = NO;
				DEBUG_INFORMATION_FORMAT = dwarf;
				ENABLE_STRICT_OBJC_MSGSEND = YES;
				ENABLE_TESTABILITY = YES;
				GCC_C_LANGUAGE_STANDARD = gnu99;
				GCC_DYNAMIC_NO_PIC = NO;
				GCC_NO_COMMON_BLOCKS = YES;
				GCC_OPTIMIZATION_LEVEL = 0;
				GCC_PREPROCESSOR_DEFINITIONS = (
					"DEBUG=1",
					"$(inherited)",
				);
				GCC_WARN_64_TO_32_BIT_CONVERSION = YES;
				GCC_WARN_ABOUT_RETURN_TYPE = YES_ERROR;
				GCC_WARN_UNDECLARED_SELECTOR = YES;
				GCC_WARN_UNINITIALIZED_AUTOS = YES_AGGRESSIVE;
				GCC_WARN_UNUSED_FUNCTION = YES;
				GCC_WARN_UNUSED_VARIABLE = YES;
				IPHONEOS_DEPLOYMENT_TARGET = 9.3;
				MTL_ENABLE_DEBUG_INFO = YES;
				ONLY_ACTIVE_ARCH = YES;
				SDKROOT = iphoneos;
			};
			name = Debug;
		};
		B18052091D3CED510013D3AB /* Release */ = {
			isa = XCBuildConfiguration;
			buildSettings = {
				ALWAYS_SEARCH_USER_PATHS = NO;
				CLANG_ANALYZER_NONNULL = YES;
				CLANG_CXX_LANGUAGE_STANDARD = "gnu++0x";
				CLANG_CXX_LIBRARY = "libc++";
				CLANG_ENABLE_MODULES = YES;
				CLANG_ENABLE_OBJC_ARC = YES;
				CLANG_WARN_BOOL_CONVERSION = YES;
				CLANG_WARN_CONSTANT_CONVERSION = YES;
				CLANG_WARN_DIRECT_OBJC_ISA_USAGE = YES_ERROR;
				CLANG_WARN_EMPTY_BODY = YES;
				CLANG_WARN_ENUM_CONVERSION = YES;
				CLANG_WARN_INT_CONVERSION = YES;
				CLANG_WARN_OBJC_ROOT_CLASS = YES_ERROR;
				CLANG_WARN_UNREACHABLE_CODE = YES;
				CLANG_WARN__DUPLICATE_METHOD_MATCH = YES;
				"CODE_SIGN_IDENTITY[sdk=iphoneos*]" = "iPhone Developer";
				COPY_PHASE_STRIP = NO;
				DEBUG_INFORMATION_FORMAT = "dwarf-with-dsym";
				ENABLE_NS_ASSERTIONS = NO;
				ENABLE_STRICT_OBJC_MSGSEND = YES;
				GCC_C_LANGUAGE_STANDARD = gnu99;
				GCC_NO_COMMON_BLOCKS = YES;
				GCC_WARN_64_TO_32_BIT_CONVERSION = YES;
				GCC_WARN_ABOUT_RETURN_TYPE = YES_ERROR;
				GCC_WARN_UNDECLARED_SELECTOR = YES;
				GCC_WARN_UNINITIALIZED_AUTOS = YES_AGGRESSIVE;
				GCC_WARN_UNUSED_FUNCTION = YES;
				GCC_WARN_UNUSED_VARIABLE = YES;
				IPHONEOS_DEPLOYMENT_TARGET = 9.3;
				MTL_ENABLE_DEBUG_INFO = NO;
				SDKROOT = iphoneos;
				VALIDATE_PRODUCT = YES;
			};
			name = Release;
		};
		B180520B1D3CED510013D3AB /* Debug */ = {
			isa = XCBuildConfiguration;
			buildSettings = {
				ASSETCATALOG_COMPILER_APPICON_NAME = AppIcon;
				INFOPLIST_FILE = "Goyal and Haryana App/Info.plist";
				LD_RUNPATH_SEARCH_PATHS = "$(inherited) @executable_path/Frameworks";
				PRODUCT_BUNDLE_IDENTIFIER = "GH.Goyal-and-Haryana-App";
				PRODUCT_NAME = "$(TARGET_NAME)";
			};
			name = Debug;
		};
		B180520C1D3CED510013D3AB /* Release */ = {
			isa = XCBuildConfiguration;
			buildSettings = {
				ASSETCATALOG_COMPILER_APPICON_NAME = AppIcon;
				INFOPLIST_FILE = "Goyal and Haryana App/Info.plist";
				LD_RUNPATH_SEARCH_PATHS = "$(inherited) @executable_path/Frameworks";
				PRODUCT_BUNDLE_IDENTIFIER = "GH.Goyal-and-Haryana-App";
				PRODUCT_NAME = "$(TARGET_NAME)";
			};
			name = Release;
		};
/* End XCBuildConfiguration section */

/* Begin XCConfigurationList section */
		B18051EB1D3CED510013D3AB /* Build configuration list for PBXProject "Goyal and Haryana App" */ = {
			isa = XCConfigurationList;
			buildConfigurations = (
				B18052081D3CED510013D3AB /* Debug */,
				B18052091D3CED510013D3AB /* Release */,
			);
			defaultConfigurationIsVisible = 0;
			defaultConfigurationName = Release;
		};
		B180520A1D3CED510013D3AB /* Build configuration list for PBXNativeTarget "Goyal and Haryana App" */ = {
			isa = XCConfigurationList;
			buildConfigurations = (
				B180520B1D3CED510013D3AB /* Debug */,
				B180520C1D3CED510013D3AB /* Release */,
			);
			defaultConfigurationIsVisible = 0;
		};
/* End XCConfigurationList section */

/* Begin XCVersionGroup section */
		B18051FF1D3CED510013D3AB /* Goyal_and_Haryana_App.xcdatamodeld */ = {
			isa = XCVersionGroup;
			children = (
				B18052001D3CED510013D3AB /* Goyal_and_Haryana_App.xcdatamodel */,
			);
			currentVersion = B18052001D3CED510013D3AB /* Goyal_and_Haryana_App.xcdatamodel */;
			path = Goyal_and_Haryana_App.xcdatamodeld;
			sourceTree = "<group>";
			versionGroupType = wrapper.xcdatamodel;
		};
/* End XCVersionGroup section */
	};
	rootObject = B18051E81D3CED510013D3AB /* Project object */;
}
